
Microsoft Visual Studio Solution File, Format Version 12.00
# Visual Studio Version 17
VisualStudioVersion = 17.0.31903.59
MinimumVisualStudioVersion = 10.0.40219.1
Project("{2150E333-8FDC-42A3-9474-1A3956D46DE8}") = "src", "src", "{827E0CD3-B72D-47B6-A68D-7590B98EB39B}"
EndProject
Project("{FAE04EC0-301F-11D3-BF4B-00C04F79EFBC}") = "PmsIntegration.Core", "src\PmsIntegration.Core\PmsIntegration.Core.csproj", "{A8FCAC1C-343F-448B-A007-D6A137E0005E}"
EndProject
Project("{FAE04EC0-301F-11D3-BF4B-00C04F79EFBC}") = "PmsIntegration.Application", "src\PmsIntegration.Application\PmsIntegration.Application.csproj", "{6495EA6B-CEC1-44B8-83C7-00CC0E2DE805}"
EndProject
Project("{FAE04EC0-301F-11D3-BF4B-00C04F79EFBC}") = "PmsIntegration.Infrastructure", "src\PmsIntegration.Infrastructure\PmsIntegration.Infrastructure.csproj", "{1D1084D7-2942-41F7-A886-D0059281AF4E}"
EndProject
Project("{FAE04EC0-301F-11D3-BF4B-00C04F79EFBC}") = "PmsIntegration.Host", "src\PmsIntegration.Host\PmsIntegration.Host.csproj", "{F32C1A00-998B-4168-A91C-8253711DD51E}"
EndProject
Project("{2150E333-8FDC-42A3-9474-1A3956D46DE8}") = "tests", "tests", "{0AB3BF05-4346-4AA6-1389-037BE0695223}"
EndProject
Project("{FAE04EC0-301F-11D3-BF4B-00C04F79EFBC}") = "PmsIntegration.Providers.Fake.Tests", "tests\PmsIntegration.Providers.Fake.Tests\PmsIntegration.Providers.Fake.Tests.csproj", "{42BC8D5A-6720-4BB7-B8FA-5CA71DFC5574}"
EndProject
Project("{FAE04EC0-301F-11D3-BF4B-00C04F79EFBC}") = "PmsIntegration.Providers.Abstractions", "src\Providers\PmsIntegration.Providers.Abstractions\PmsIntegration.Providers.Abstractions.csproj", "{F26A8B56-E469-4758-A7C0-5C6CE65E634F}"
EndProject
Project("{FAE04EC0-301F-11D3-BF4B-00C04F79EFBC}") = "PmsIntegration.Providers.Fake", "src\Providers\PmsIntegration.Providers.Fake\PmsIntegration.Providers.Fake.csproj", "{D23D3802-6B55-4E16-B1D4-52AD0D743422}"
EndProject
Project("{FAE04EC0-301F-11D3-BF4B-00C04F79EFBC}") = "PmsIntegration.Providers.Tiger", "src\Providers\PmsIntegration.Providers.Tiger\PmsIntegration.Providers.Tiger.csproj", "{93E6CCD3-B427-4732-A768-CCE997B2DA8F}"
EndProject
Project("{FAE04EC0-301F-11D3-BF4B-00C04F79EFBC}") = "PmsIntegration.Providers.Opera", "src\Providers\PmsIntegration.Providers.Opera\PmsIntegration.Providers.Opera.csproj", "{4A829451-9E1C-42DA-8A06-DD24114FE0BA}"
EndProject
Project("{FAE04EC0-301F-11D3-BF4B-00C04F79EFBC}") = "PmsIntegration.Infrastructure.Tests", "tests\PmsIntegration.Infrastructure.Tests\PmsIntegration.Infrastructure.Tests.csproj", "{C9FA1B2C-3D4E-5F60-A7B8-C9D0E1F23456}"
EndProject
Project("{2150E333-8FDC-42A3-9474-1A3956D46DE8}") = "Providers", "Providers", "{E7D3A90C-5F12-4B8E-9C66-1A2B3C4D5E6F}"
EndProject
Global
	GlobalSection(SolutionConfigurationPlatforms) = preSolution
		Debug|Any CPU = Debug|Any CPU
		Debug|x64 = Debug|x64
		Debug|x86 = Debug|x86
		Release|Any CPU = Release|Any CPU
		Release|x64 = Release|x64
		Release|x86 = Release|x86
	EndGlobalSection
	GlobalSection(ProjectConfigurationPlatforms) = postSolution
		{A8FCAC1C-343F-448B-A007-D6A137E0005E}.Debug|Any CPU.ActiveCfg = Debug|Any CPU
		{A8FCAC1C-343F-448B-A007-D6A137E0005E}.Debug|Any CPU.Build.0 = Debug|Any CPU
		{A8FCAC1C-343F-448B-A007-D6A137E0005E}.Debug|x64.ActiveCfg = Debug|Any CPU
		{A8FCAC1C-343F-448B-A007-D6A137E0005E}.Debug|x64.Build.0 = Debug|Any CPU
		{A8FCAC1C-343F-448B-A007-D6A137E0005E}.Debug|x86.ActiveCfg = Debug|Any CPU
		{A8FCAC1C-343F-448B-A007-D6A137E0005E}.Debug|x86.Build.0 = Debug|Any CPU
		{A8FCAC1C-343F-448B-A007-D6A137E0005E}.Release|Any CPU.ActiveCfg = Release|Any CPU
		{A8FCAC1C-343F-448B-A007-D6A137E0005E}.Release|Any CPU.Build.0 = Release|Any CPU
		{A8FCAC1C-343F-448B-A007-D6A137E0005E}.Release|x64.ActiveCfg = Release|Any CPU
		{A8FCAC1C-343F-448B-A007-D6A137E0005E}.Release|x64.Build.0 = Release|Any CPU
		{A8FCAC1C-343F-448B-A007-D6A137E0005E}.Release|x86.ActiveCfg = Release|Any CPU
		{A8FCAC1C-343F-448B-A007-D6A137E0005E}.Release|x86.Build.0 = Release|Any CPU
		{6495EA6B-CEC1-44B8-83C7-00CC0E2DE805}.Debug|Any CPU.ActiveCfg = Debug|Any CPU
		{6495EA6B-CEC1-44B8-83C7-00CC0E2DE805}.Debug|Any CPU.Build.0 = Debug|Any CPU
		{6495EA6B-CEC1-44B8-83C7-00CC0E2DE805}.Debug|x64.ActiveCfg = Debug|Any CPU
		{6495EA6B-CEC1-44B8-83C7-00CC0E2DE805}.Debug|x64.Build.0 = Debug|Any CPU
		{6495EA6B-CEC1-44B8-83C7-00CC0E2DE805}.Debug|x86.ActiveCfg = Debug|Any CPU
		{6495EA6B-CEC1-44B8-83C7-00CC0E2DE805}.Debug|x86.Build.0 = Debug|Any CPU
		{6495EA6B-CEC1-44B8-83C7-00CC0E2DE805}.Release|Any CPU.ActiveCfg = Release|Any CPU
		{6495EA6B-CEC1-44B8-83C7-00CC0E2DE805}.Release|Any CPU.Build.0 = Release|Any CPU
		{6495EA6B-CEC1-44B8-83C7-00CC0E2DE805}.Release|x64.ActiveCfg = Release|Any CPU
		{6495EA6B-CEC1-44B8-83C7-00CC0E2DE805}.Release|x64.Build.0 = Release|Any CPU
		{6495EA6B-CEC1-44B8-83C7-00CC0E2DE805}.Release|x86.ActiveCfg = Release|Any CPU
		{6495EA6B-CEC1-44B8-83C7-00CC0E2DE805}.Release|x86.Build.0 = Release|Any CPU
		{1D1084D7-2942-41F7-A886-D0059281AF4E}.Debug|Any CPU.ActiveCfg = Debug|Any CPU
		{1D1084D7-2942-41F7-A886-D0059281AF4E}.Debug|Any CPU.Build.0 = Debug|Any CPU
		{1D1084D7-2942-41F7-A886-D0059281AF4E}.Debug|x64.ActiveCfg = Debug|Any CPU
		{1D1084D7-2942-41F7-A886-D0059281AF4E}.Debug|x64.Build.0 = Debug|Any CPU
		{1D1084D7-2942-41F7-A886-D0059281AF4E}.Debug|x86.ActiveCfg = Debug|Any CPU
		{1D1084D7-2942-41F7-A886-D0059281AF4E}.Debug|x86.Build.0 = Debug|Any CPU
		{1D1084D7-2942-41F7-A886-D0059281AF4E}.Release|Any CPU.ActiveCfg = Release|Any CPU
		{1D1084D7-2942-41F7-A886-D0059281AF4E}.Release|Any CPU.Build.0 = Release|Any CPU
		{1D1084D7-2942-41F7-A886-D0059281AF4E}.Release|x64.ActiveCfg = Release|Any CPU
		{1D1084D7-2942-41F7-A886-D0059281AF4E}.Release|x64.Build.0 = Release|Any CPU
		{1D1084D7-2942-41F7-A886-D0059281AF4E}.Release|x86.ActiveCfg = Release|Any CPU
		{1D1084D7-2942-41F7-A886-D0059281AF4E}.Release|x86.Build.0 = Release|Any CPU
		{F32C1A00-998B-4168-A91C-8253711DD51E}.Debug|Any CPU.ActiveCfg = Debug|Any CPU
		{F32C1A00-998B-4168-A91C-8253711DD51E}.Debug|Any CPU.Build.0 = Debug|Any CPU
		{F32C1A00-998B-4168-A91C-8253711DD51E}.Debug|x64.ActiveCfg = Debug|Any CPU
		{F32C1A00-998B-4168-A91C-8253711DD51E}.Debug|x64.Build.0 = Debug|Any CPU
		{F32C1A00-998B-4168-A91C-8253711DD51E}.Debug|x86.ActiveCfg = Debug|Any CPU
		{F32C1A00-998B-4168-A91C-8253711DD51E}.Debug|x86.Build.0 = Debug|Any CPU
		{F32C1A00-998B-4168-A91C-8253711DD51E}.Release|Any CPU.ActiveCfg = Release|Any CPU
		{F32C1A00-998B-4168-A91C-8253711DD51E}.Release|Any CPU.Build.0 = Release|Any CPU
		{F32C1A00-998B-4168-A91C-8253711DD51E}.Release|x64.ActiveCfg = Release|Any CPU
		{F32C1A00-998B-4168-A91C-8253711DD51E}.Release|x64.Build.0 = Release|Any CPU
		{F32C1A00-998B-4168-A91C-8253711DD51E}.Release|x86.ActiveCfg = Release|Any CPU
		{F32C1A00-998B-4168-A91C-8253711DD51E}.Release|x86.Build.0 = Release|Any CPU
		{42BC8D5A-6720-4BB7-B8FA-5CA71DFC5574}.Debug|Any CPU.ActiveCfg = Debug|Any CPU
		{42BC8D5A-6720-4BB7-B8FA-5CA71DFC5574}.Debug|Any CPU.Build.0 = Debug|Any CPU
		{42BC8D5A-6720-4BB7-B8FA-5CA71DFC5574}.Debug|x64.ActiveCfg = Debug|Any CPU
		{42BC8D5A-6720-4BB7-B8FA-5CA71DFC5574}.Debug|x64.Build.0 = Debug|Any CPU
		{42BC8D5A-6720-4BB7-B8FA-5CA71DFC5574}.Debug|x86.ActiveCfg = Debug|Any CPU
		{42BC8D5A-6720-4BB7-B8FA-5CA71DFC5574}.Debug|x86.Build.0 = Debug|Any CPU
		{42BC8D5A-6720-4BB7-B8FA-5CA71DFC5574}.Release|Any CPU.ActiveCfg = Release|Any CPU
		{42BC8D5A-6720-4BB7-B8FA-5CA71DFC5574}.Release|Any CPU.Build.0 = Release|Any CPU
		{42BC8D5A-6720-4BB7-B8FA-5CA71DFC5574}.Release|x64.ActiveCfg = Release|Any CPU
		{42BC8D5A-6720-4BB7-B8FA-5CA71DFC5574}.Release|x64.Build.0 = Release|Any CPU
		{42BC8D5A-6720-4BB7-B8FA-5CA71DFC5574}.Release|x86.ActiveCfg = Release|Any CPU
		{42BC8D5A-6720-4BB7-B8FA-5CA71DFC5574}.Release|x86.Build.0 = Release|Any CPU
		{F26A8B56-E469-4758-A7C0-5C6CE65E634F}.Debug|Any CPU.ActiveCfg = Debug|Any CPU
		{F26A8B56-E469-4758-A7C0-5C6CE65E634F}.Debug|Any CPU.Build.0 = Debug|Any CPU
		{F26A8B56-E469-4758-A7C0-5C6CE65E634F}.Debug|x64.ActiveCfg = Debug|Any CPU
		{F26A8B56-E469-4758-A7C0-5C6CE65E634F}.Debug|x64.Build.0 = Debug|Any CPU
		{F26A8B56-E469-4758-A7C0-5C6CE65E634F}.Debug|x86.ActiveCfg = Debug|Any CPU
		{F26A8B56-E469-4758-A7C0-5C6CE65E634F}.Debug|x86.Build.0 = Debug|Any CPU
		{F26A8B56-E469-4758-A7C0-5C6CE65E634F}.Release|Any CPU.ActiveCfg = Release|Any CPU
		{F26A8B56-E469-4758-A7C0-5C6CE65E634F}.Release|Any CPU.Build.0 = Release|Any CPU
		{F26A8B56-E469-4758-A7C0-5C6CE65E634F}.Release|x64.ActiveCfg = Release|Any CPU
		{F26A8B56-E469-4758-A7C0-5C6CE65E634F}.Release|x64.Build.0 = Release|Any CPU
		{F26A8B56-E469-4758-A7C0-5C6CE65E634F}.Release|x86.ActiveCfg = Release|Any CPU
		{F26A8B56-E469-4758-A7C0-5C6CE65E634F}.Release|x86.Build.0 = Release|Any CPU
		{D23D3802-6B55-4E16-B1D4-52AD0D743422}.Debug|Any CPU.ActiveCfg = Debug|Any CPU
		{D23D3802-6B55-4E16-B1D4-52AD0D743422}.Debug|Any CPU.Build.0 = Debug|Any CPU
		{D23D3802-6B55-4E16-B1D4-52AD0D743422}.Debug|x64.ActiveCfg = Debug|Any CPU
		{D23D3802-6B55-4E16-B1D4-52AD0D743422}.Debug|x64.Build.0 = Debug|Any CPU
		{D23D3802-6B55-4E16-B1D4-52AD0D743422}.Debug|x86.ActiveCfg = Debug|Any CPU
		{D23D3802-6B55-4E16-B1D4-52AD0D743422}.Debug|x86.Build.0 = Debug|Any CPU
		{D23D3802-6B55-4E16-B1D4-52AD0D743422}.Release|Any CPU.ActiveCfg = Release|Any CPU
		{D23D3802-6B55-4E16-B1D4-52AD0D743422}.Release|Any CPU.Build.0 = Release|Any CPU
		{D23D3802-6B55-4E16-B1D4-52AD0D743422}.Release|x64.ActiveCfg = Release|Any CPU
		{D23D3802-6B55-4E16-B1D4-52AD0D743422}.Release|x64.Build.0 = Release|Any CPU
		{D23D3802-6B55-4E16-B1D4-52AD0D743422}.Release|x86.ActiveCfg = Release|Any CPU
		{D23D3802-6B55-4E16-B1D4-52AD0D743422}.Release|x86.Build.0 = Release|Any CPU
		{93E6CCD3-B427-4732-A768-CCE997B2DA8F}.Debug|Any CPU.ActiveCfg = Debug|Any CPU
		{93E6CCD3-B427-4732-A768-CCE997B2DA8F}.Debug|Any CPU.Build.0 = Debug|Any CPU
		{93E6CCD3-B427-4732-A768-CCE997B2DA8F}.Debug|x64.ActiveCfg = Debug|Any CPU
		{93E6CCD3-B427-4732-A768-CCE997B2DA8F}.Debug|x64.Build.0 = Debug|Any CPU
		{93E6CCD3-B427-4732-A768-CCE997B2DA8F}.Debug|x86.ActiveCfg = Debug|Any CPU
		{93E6CCD3-B427-4732-A768-CCE997B2DA8F}.Debug|x86.Build.0 = Debug|Any CPU
		{93E6CCD3-B427-4732-A768-CCE997B2DA8F}.Release|Any CPU.ActiveCfg = Release|Any CPU
		{93E6CCD3-B427-4732-A768-CCE997B2DA8F}.Release|Any CPU.Build.0 = Release|Any CPU
		{93E6CCD3-B427-4732-A768-CCE997B2DA8F}.Release|x64.ActiveCfg = Release|Any CPU
		{93E6CCD3-B427-4732-A768-CCE997B2DA8F}.Release|x64.Build.0 = Release|Any CPU
		{93E6CCD3-B427-4732-A768-CCE997B2DA8F}.Release|x86.ActiveCfg = Release|Any CPU
		{93E6CCD3-B427-4732-A768-CCE997B2DA8F}.Release|x86.Build.0 = Release|Any CPU
		{4A829451-9E1C-42DA-8A06-DD24114FE0BA}.Debug|Any CPU.ActiveCfg = Debug|Any CPU
		{4A829451-9E1C-42DA-8A06-DD24114FE0BA}.Debug|Any CPU.Build.0 = Debug|Any CPU
		{4A829451-9E1C-42DA-8A06-DD24114FE0BA}.Debug|x64.ActiveCfg = Debug|Any CPU
		{4A829451-9E1C-42DA-8A06-DD24114FE0BA}.Debug|x64.Build.0 = Debug|Any CPU
		{4A829451-9E1C-42DA-8A06-DD24114FE0BA}.Debug|x86.ActiveCfg = Debug|Any CPU
		{4A829451-9E1C-42DA-8A06-DD24114FE0BA}.Debug|x86.Build.0 = Debug|Any CPU
		{4A829451-9E1C-42DA-8A06-DD24114FE0BA}.Release|Any CPU.ActiveCfg = Release|Any CPU
		{4A829451-9E1C-42DA-8A06-DD24114FE0BA}.Release|Any CPU.Build.0 = Release|Any CPU
		{4A829451-9E1C-42DA-8A06-DD24114FE0BA}.Release|x64.ActiveCfg = Release|Any CPU
		{4A829451-9E1C-42DA-8A06-DD24114FE0BA}.Release|x64.Build.0 = Release|Any CPU
		{4A829451-9E1C-42DA-8A06-DD24114FE0BA}.Release|x86.ActiveCfg = Release|Any CPU
		{4A829451-9E1C-42DA-8A06-DD24114FE0BA}.Release|x86.Build.0 = Release|Any CPU
		{C9FA1B2C-3D4E-5F60-A7B8-C9D0E1F23456}.Debug|Any CPU.ActiveCfg = Debug|Any CPU
		{C9FA1B2C-3D4E-5F60-A7B8-C9D0E1F23456}.Debug|Any CPU.Build.0 = Debug|Any CPU
		{C9FA1B2C-3D4E-5F60-A7B8-C9D0E1F23456}.Debug|x64.ActiveCfg = Debug|Any CPU
		{C9FA1B2C-3D4E-5F60-A7B8-C9D0E1F23456}.Debug|x64.Build.0 = Debug|Any CPU
		{C9FA1B2C-3D4E-5F60-A7B8-C9D0E1F23456}.Debug|x86.ActiveCfg = Debug|Any CPU
		{C9FA1B2C-3D4E-5F60-A7B8-C9D0E1F23456}.Debug|x86.Build.0 = Debug|Any CPU
		{C9FA1B2C-3D4E-5F60-A7B8-C9D0E1F23456}.Release|Any CPU.ActiveCfg = Release|Any CPU
		{C9FA1B2C-3D4E-5F60-A7B8-C9D0E1F23456}.Release|Any CPU.Build.0 = Release|Any CPU
		{C9FA1B2C-3D4E-5F60-A7B8-C9D0E1F23456}.Release|x64.ActiveCfg = Release|Any CPU
		{C9FA1B2C-3D4E-5F60-A7B8-C9D0E1F23456}.Release|x64.Build.0 = Release|Any CPU
		{C9FA1B2C-3D4E-5F60-A7B8-C9D0E1F23456}.Release|x86.ActiveCfg = Release|Any CPU
		{C9FA1B2C-3D4E-5F60-A7B8-C9D0E1F23456}.Release|x86.Build.0 = Release|Any CPU
	EndGlobalSection
	GlobalSection(SolutionProperties) = preSolution
		HideSolutionNode = FALSE
	EndGlobalSection
	GlobalSection(NestedProjects) = preSolution
		{A8FCAC1C-343F-448B-A007-D6A137E0005E} = {827E0CD3-B72D-47B6-A68D-7590B98EB39B}
		{6495EA6B-CEC1-44B8-83C7-00CC0E2DE805} = {827E0CD3-B72D-47B6-A68D-7590B98EB39B}
		{1D1084D7-2942-41F7-A886-D0059281AF4E} = {827E0CD3-B72D-47B6-A68D-7590B98EB39B}
		{F32C1A00-998B-4168-A91C-8253711DD51E} = {827E0CD3-B72D-47B6-A68D-7590B98EB39B}
		{42BC8D5A-6720-4BB7-B8FA-5CA71DFC5574} = {0AB3BF05-4346-4AA6-1389-037BE0695223}
		{E7D3A90C-5F12-4B8E-9C66-1A2B3C4D5E6F} = {827E0CD3-B72D-47B6-A68D-7590B98EB39B}
		{F26A8B56-E469-4758-A7C0-5C6CE65E634F} = {E7D3A90C-5F12-4B8E-9C66-1A2B3C4D5E6F}
		{D23D3802-6B55-4E16-B1D4-52AD0D743422} = {E7D3A90C-5F12-4B8E-9C66-1A2B3C4D5E6F}
		{93E6CCD3-B427-4732-A768-CCE997B2DA8F} = {E7D3A90C-5F12-4B8E-9C66-1A2B3C4D5E6F}
		{4A829451-9E1C-42DA-8A06-DD24114FE0BA} = {E7D3A90C-5F12-4B8E-9C66-1A2B3C4D5E6F}
		{C9FA1B2C-3D4E-5F60-A7B8-C9D0E1F23456} = {0AB3BF05-4346-4AA6-1389-037BE0695223}
	EndGlobalSection
EndGlobal
